
Microsoft Visual Studio Solution File, Format Version 12.00
# Visual Studio Version 17
VisualStudioVersion = 17.2.32526.322
MinimumVisualStudioVersion = 10.0.40219.1
Project("{FAE04EC0-301F-11D3-BF4B-00C04F79EFBC}") = "nutwap", "nutwap\nutwap.csproj", "{CBA04017-958E-4793-B08D-225257BA99B2}"
EndProject
Global
	GlobalSection(SolutionConfigurationPlatforms) = preSolution
		Debug|Any CPU = Debug|Any CPU
		Release|Any CPU = Release|Any CPU
	EndGlobalSection
	GlobalSection(ProjectConfigurationPlatforms) = postSolution
		{CBA04017-958E-4793-B08D-225257BA99B2}.Debug|Any CPU.ActiveCfg = Debug|Any CPU
		{CBA04017-958E-4793-B08D-225257BA99B2}.Debug|Any CPU.Build.0 = Debug|Any CPU
		{CBA04017-958E-4793-B08D-225257BA99B2}.Release|Any CPU.ActiveCfg = Release|Any CPU
		{CBA04017-958E-4793-B08D-225257BA99B2}.Release|Any CPU.Build.0 = Release|Any CPU
	EndGlobalSection
	GlobalSection(SolutionProperties) = preSolution
		HideSolutionNode = FALSE
	EndGlobalSection
	GlobalSection(ExtensibilityGlobals) = postSolution
		SolutionGuid = {2D5E9C36-B411-4523-98B9-6C715BA50306}
	EndGlobalSection
EndGlobal
